
Microsoft Visual Studio Solution File, Format Version 12.00
# Visual Studio Version 17
VisualStudioVersion = 17.14.36414.22 d17.14
MinimumVisualStudioVersion = 10.0.40219.1
Project("{FAE04EC0-301F-11D3-BF4B-00C04F79EFBC}") = "StudentManagementSystem", "StudentManagementSystem.csproj", "{06C316F4-2566-43CF-B557-440AE537ADCE}"
EndProject
Global
	GlobalSection(SolutionConfigurationPlatforms) = preSolution
		Debug|Any CPU = Debug|Any CPU
		Release|Any CPU = Release|Any CPU
	EndGlobalSection
	GlobalSection(ProjectConfigurationPlatforms) = postSolution
		{06C316F4-2566-43CF-B557-440AE537ADCE}.Debug|Any CPU.ActiveCfg = Debug|Any CPU
		{06C316F4-2566-43CF-B557-440AE537ADCE}.Debug|Any CPU.Build.0 = Debug|Any CPU
		{06C316F4-2566-43CF-B557-440AE537ADCE}.Release|Any CPU.ActiveCfg = Release|Any CPU
		{06C316F4-2566-43CF-B557-440AE537ADCE}.Release|Any CPU.Build.0 = Release|Any CPU
	EndGlobalSection
	GlobalSection(SolutionProperties) = preSolution
		HideSolutionNode = FALSE
	EndGlobalSection
	GlobalSection(ExtensibilityGlobals) = postSolution
		SolutionGuid = {09A926DF-7BE0-488E-B1D2-76CF33702CDE}
	EndGlobalSection
EndGlobal
